
Microsoft Visual Studio Solution File, Format Version 12.00
# Visual Studio Version 16
VisualStudioVersion = 16.0.30225.117
MinimumVisualStudioVersion = 10.0.40219.1
Project("{FAE04EC0-301F-11D3-BF4B-00C04F79EFBC}") = "ConsoleApplicationFigures", "ConsoleApplicationFigures\ConsoleApplicationFigures.csproj", "{58C8C93C-614A-4A3F-993E-FD3392EE0030}"
EndProject
Project("{FAE04EC0-301F-11D3-BF4B-00C04F79EFBC}") = "FigureLibrary", "FigureLibrary\FigureLibrary.csproj", "{3F9BEDA8-B0FF-4FB6-A2C7-55BF8933BF24}"
EndProject
Project("{FAE04EC0-301F-11D3-BF4B-00C04F79EFBC}") = "TestFigureLibrary", "TestFigureLibrary\TestFigureLibrary.csproj", "{1C51475F-6496-4912-A178-701BF0D2A56A}"
EndProject
Global
	GlobalSection(SolutionConfigurationPlatforms) = preSolution
		Debug|Any CPU = Debug|Any CPU
		Release|Any CPU = Release|Any CPU
	EndGlobalSection
	GlobalSection(ProjectConfigurationPlatforms) = postSolution
		{58C8C93C-614A-4A3F-993E-FD3392EE0030}.Debug|Any CPU.ActiveCfg = Debug|Any CPU
		{58C8C93C-614A-4A3F-993E-FD3392EE0030}.Debug|Any CPU.Build.0 = Debug|Any CPU
		{58C8C93C-614A-4A3F-993E-FD3392EE0030}.Release|Any CPU.ActiveCfg = Release|Any CPU
		{58C8C93C-614A-4A3F-993E-FD3392EE0030}.Release|Any CPU.Build.0 = Release|Any CPU
		{3F9BEDA8-B0FF-4FB6-A2C7-55BF8933BF24}.Debug|Any CPU.ActiveCfg = Debug|Any CPU
		{3F9BEDA8-B0FF-4FB6-A2C7-55BF8933BF24}.Debug|Any CPU.Build.0 = Debug|Any CPU
		{3F9BEDA8-B0FF-4FB6-A2C7-55BF8933BF24}.Release|Any CPU.ActiveCfg = Release|Any CPU
		{3F9BEDA8-B0FF-4FB6-A2C7-55BF8933BF24}.Release|Any CPU.Build.0 = Release|Any CPU
		{1C51475F-6496-4912-A178-701BF0D2A56A}.Debug|Any CPU.ActiveCfg = Debug|Any CPU
		{1C51475F-6496-4912-A178-701BF0D2A56A}.Debug|Any CPU.Build.0 = Debug|Any CPU
		{1C51475F-6496-4912-A178-701BF0D2A56A}.Release|Any CPU.ActiveCfg = Release|Any CPU
		{1C51475F-6496-4912-A178-701BF0D2A56A}.Release|Any CPU.Build.0 = Release|Any CPU
	EndGlobalSection
	GlobalSection(SolutionProperties) = preSolution
		HideSolutionNode = FALSE
	EndGlobalSection
	GlobalSection(ExtensibilityGlobals) = postSolution
		SolutionGuid = {4FCB0615-0E1D-42F8-9A39-938CA2365CE7}
	EndGlobalSection
EndGlobal
